// !$*UTF8*$!
{
	archiveVersion = 1;
	classes = {
	};
	objectVersion = 51;
	objects = {

/* Begin PBXBuildFile section */
		242802A224B0BBDD006478BD /* AppDelegate.swift in Sources */ = {isa = PBXBuildFile; fileRef = 242802A124B0BBDD006478BD /* AppDelegate.swift */; };
		242802A424B0BBDD006478BD /* SceneDelegate.swift in Sources */ = {isa = PBXBuildFile; fileRef = 242802A324B0BBDD006478BD /* SceneDelegate.swift */; };
		242802A624B0BBDD006478BD /* ToDoListViewController.swift in Sources */ = {isa = PBXBuildFile; fileRef = 242802A524B0BBDD006478BD /* ToDoListViewController.swift */; };
		242802A924B0BBDD006478BD /* Main.storyboard in Resources */ = {isa = PBXBuildFile; fileRef = 242802A724B0BBDD006478BD /* Main.storyboard */; };
		242802AB24B0BBDE006478BD /* Assets.xcassets in Resources */ = {isa = PBXBuildFile; fileRef = 242802AA24B0BBDE006478BD /* Assets.xcassets */; };
		242802AE24B0BBDE006478BD /* LaunchScreen.storyboard in Resources */ = {isa = PBXBuildFile; fileRef = 242802AC24B0BBDE006478BD /* LaunchScreen.storyboard */; };
		242802E224B4EDEE006478BD /* CategoryViewController.swift in Sources */ = {isa = PBXBuildFile; fileRef = 242802E124B4EDEE006478BD /* CategoryViewController.swift */; };
		24C86E3F24C0793F0030E5DF /* Item.swift in Sources */ = {isa = PBXBuildFile; fileRef = 24C86E3E24C0793F0030E5DF /* Item.swift */; };
		24C86E4124C079470030E5DF /* Category.swift in Sources */ = {isa = PBXBuildFile; fileRef = 24C86E4024C079470030E5DF /* Category.swift */; };
		24D17E9A24D6F37A00051CA9 /* SwipeTableViewController.swift in Sources */ = {isa = PBXBuildFile; fileRef = 24D17E9924D6F37A00051CA9 /* SwipeTableViewController.swift */; };
		710BB09353BC30FBAE5E69DC /* Pods_ToDoList.framework in Frameworks */ = {isa = PBXBuildFile; fileRef = 3C1B02793758567E68705997 /* Pods_ToDoList.framework */; };
/* End PBXBuildFile section */

/* Begin PBXFileReference section */
		2428029E24B0BBDD006478BD /* ToDoList.app */ = {isa = PBXFileReference; explicitFileType = wrapper.application; includeInIndex = 0; path = ToDoList.app; sourceTree = BUILT_PRODUCTS_DIR; };
		242802A124B0BBDD006478BD /* AppDelegate.swift */ = {isa = PBXFileReference; lastKnownFileType = sourcecode.swift; path = AppDelegate.swift; sourceTree = "<group>"; };
		242802A324B0BBDD006478BD /* SceneDelegate.swift */ = {isa = PBXFileReference; lastKnownFileType = sourcecode.swift; path = SceneDelegate.swift; sourceTree = "<group>"; };
		242802A524B0BBDD006478BD /* ToDoListViewController.swift */ = {isa = PBXFileReference; lastKnownFileType = sourcecode.swift; path = ToDoListViewController.swift; sourceTree = "<group>"; };
		242802A824B0BBDD006478BD /* Base */ = {isa = PBXFileReference; lastKnownFileType = file.storyboard; name = Base; path = Base.lproj/Main.storyboard; sourceTree = "<group>"; };
		242802AA24B0BBDE006478BD /* Assets.xcassets */ = {isa = PBXFileReference; lastKnownFileType = folder.assetcatalog; path = Assets.xcassets; sourceTree = "<group>"; };
		242802AD24B0BBDE006478BD /* Base */ = {isa = PBXFileReference; lastKnownFileType = file.storyboard; name = Base; path = Base.lproj/LaunchScreen.storyboard; sourceTree = "<group>"; };
		242802AF24B0BBDE006478BD /* Info.plist */ = {isa = PBXFileReference; lastKnownFileType = text.plist.xml; path = Info.plist; sourceTree = "<group>"; };
		242802E124B4EDEE006478BD /* CategoryViewController.swift */ = {isa = PBXFileReference; lastKnownFileType = sourcecode.swift; path = CategoryViewController.swift; sourceTree = "<group>"; };
		24C86E3E24C0793F0030E5DF /* Item.swift */ = {isa = PBXFileReference; lastKnownFileType = sourcecode.swift; path = Item.swift; sourceTree = "<group>"; };
		24C86E4024C079470030E5DF /* Category.swift */ = {isa = PBXFileReference; lastKnownFileType = sourcecode.swift; path = Category.swift; sourceTree = "<group>"; };
		24D17E9924D6F37A00051CA9 /* SwipeTableViewController.swift */ = {isa = PBXFileReference; lastKnownFileType = sourcecode.swift; path = SwipeTableViewController.swift; sourceTree = "<group>"; };
		324DBD8A38F93955D49639D8 /* Pods-ToDoList.release.xcconfig */ = {isa = PBXFileReference; includeInIndex = 1; lastKnownFileType = text.xcconfig; name = "Pods-ToDoList.release.xcconfig"; path = "Target Support Files/Pods-ToDoList/Pods-ToDoList.release.xcconfig"; sourceTree = "<group>"; };
		3C1B02793758567E68705997 /* Pods_ToDoList.framework */ = {isa = PBXFileReference; explicitFileType = wrapper.framework; includeInIndex = 0; path = Pods_ToDoList.framework; sourceTree = BUILT_PRODUCTS_DIR; };
		CF6E35BDFC5BC2085CFDC33C /* Pods-ToDoList.debug.xcconfig */ = {isa = PBXFileReference; includeInIndex = 1; lastKnownFileType = text.xcconfig; name = "Pods-ToDoList.debug.xcconfig"; path = "Target Support Files/Pods-ToDoList/Pods-ToDoList.debug.xcconfig"; sourceTree = "<group>"; };
/* End PBXFileReference section */

/* Begin PBXFrameworksBuildPhase section */
		2428029B24B0BBDD006478BD /* Frameworks */ = {
			isa = PBXFrameworksBuildPhase;
			buildActionMask = 2147483647;
			files = (
				710BB09353BC30FBAE5E69DC /* Pods_ToDoList.framework in Frameworks */,
			);
			runOnlyForDeploymentPostprocessing = 0;
		};
/* End PBXFrameworksBuildPhase section */

/* Begin PBXGroup section */
		2428029524B0BBDD006478BD = {
			isa = PBXGroup;
			children = (
				242802A024B0BBDD006478BD /* ToDoList */,
				2428029F24B0BBDD006478BD /* Products */,
				B38C5EDFDB122681E3194283 /* Pods */,
				8D5C4201C464D92314716C09 /* Frameworks */,
			);
			sourceTree = "<group>";
		};
		2428029F24B0BBDD006478BD /* Products */ = {
			isa = PBXGroup;
			children = (
				2428029E24B0BBDD006478BD /* ToDoList.app */,
			);
			name = Products;
			sourceTree = "<group>";
		};
		242802A024B0BBDD006478BD /* ToDoList */ = {
			isa = PBXGroup;
			children = (
				242802B924B1FBBD006478BD /* Models */,
				242802B624B1FB99006478BD /* Views */,
				242802B524B1FB8B006478BD /* Controllers */,
				242802E024B24FE8006478BD /* Supporting Files */,
				242802AF24B0BBDE006478BD /* Info.plist */,
			);
			path = ToDoList;
			sourceTree = "<group>";
		};
		242802B524B1FB8B006478BD /* Controllers */ = {
			isa = PBXGroup;
			children = (
				242802E124B4EDEE006478BD /* CategoryViewController.swift */,
				242802A524B0BBDD006478BD /* ToDoListViewController.swift */,
				24D17E9924D6F37A00051CA9 /* SwipeTableViewController.swift */,
			);
			path = Controllers;
			sourceTree = "<group>";
		};
		242802B624B1FB99006478BD /* Views */ = {
			isa = PBXGroup;
			children = (
				242802A724B0BBDD006478BD /* Main.storyboard */,
			);
			path = Views;
			sourceTree = "<group>";
		};
		242802B924B1FBBD006478BD /* Models */ = {
			isa = PBXGroup;
			children = (
				24C86E3E24C0793F0030E5DF /* Item.swift */,
				24C86E4024C079470030E5DF /* Category.swift */,
			);
			path = Models;
			sourceTree = "<group>";
		};
		242802E024B24FE8006478BD /* Supporting Files */ = {
			isa = PBXGroup;
			children = (
				242802A124B0BBDD006478BD /* AppDelegate.swift */,
				242802A324B0BBDD006478BD /* SceneDelegate.swift */,
				242802AA24B0BBDE006478BD /* Assets.xcassets */,
				242802AC24B0BBDE006478BD /* LaunchScreen.storyboard */,
			);
			path = "Supporting Files";
			sourceTree = "<group>";
		};
		8D5C4201C464D92314716C09 /* Frameworks */ = {
			isa = PBXGroup;
			children = (
				3C1B02793758567E68705997 /* Pods_ToDoList.framework */,
			);
			name = Frameworks;
			sourceTree = "<group>";
		};
		B38C5EDFDB122681E3194283 /* Pods */ = {
			isa = PBXGroup;
			children = (
				CF6E35BDFC5BC2085CFDC33C /* Pods-ToDoList.debug.xcconfig */,
				324DBD8A38F93955D49639D8 /* Pods-ToDoList.release.xcconfig */,
			);
			path = Pods;
			sourceTree = "<group>";
		};
/* End PBXGroup section */

/* Begin PBXNativeTarget section */
		2428029D24B0BBDD006478BD /* ToDoList */ = {
			isa = PBXNativeTarget;
			buildConfigurationList = 242802B224B0BBDE006478BD /* Build configuration list for PBXNativeTarget "ToDoList" */;
			buildPhases = (
				0F2B935C583A10DFD0FB4F5C /* [CP] Check Pods Manifest.lock */,
				2428029A24B0BBDD006478BD /* Sources */,
				2428029B24B0BBDD006478BD /* Frameworks */,
				2428029C24B0BBDD006478BD /* Resources */,
				71AC342DC6FA87940A56BE62 /* [CP] Embed Pods Frameworks */,
			);
			buildRules = (
			);
			dependencies = (
			);
			name = ToDoList;
			productName = ToDoList;
			productReference = 2428029E24B0BBDD006478BD /* ToDoList.app */;
			productType = "com.apple.product-type.application";
		};
/* End PBXNativeTarget section */

/* Begin PBXProject section */
		2428029624B0BBDD006478BD /* Project object */ = {
			isa = PBXProject;
			attributes = {
				LastSwiftUpdateCheck = 1150;
				LastUpgradeCheck = 1200;
				ORGANIZATIONNAME = "Mykyta Gumeniuk";
				TargetAttributes = {
					2428029D24B0BBDD006478BD = {
						CreatedOnToolsVersion = 11.5;
					};
				};
			};
			buildConfigurationList = 2428029924B0BBDD006478BD /* Build configuration list for PBXProject "ToDoList" */;
			compatibilityVersion = "Xcode 9.3";
			developmentRegion = en;
			hasScannedForEncodings = 0;
			knownRegions = (
				en,
				Base,
			);
			mainGroup = 2428029524B0BBDD006478BD;
			productRefGroup = 2428029F24B0BBDD006478BD /* Products */;
			projectDirPath = "";
			projectRoot = "";
			targets = (
				2428029D24B0BBDD006478BD /* ToDoList */,
			);
		};
/* End PBXProject section */

/* Begin PBXResourcesBuildPhase section */
		2428029C24B0BBDD006478BD /* Resources */ = {
			isa = PBXResourcesBuildPhase;
			buildActionMask = 2147483647;
			files = (
				242802AE24B0BBDE006478BD /* LaunchScreen.storyboard in Resources */,
				242802AB24B0BBDE006478BD /* Assets.xcassets in Resources */,
				242802A924B0BBDD006478BD /* Main.storyboard in Resources */,
			);
			runOnlyForDeploymentPostprocessing = 0;
		};
/* End PBXResourcesBuildPhase section */

/* Begin PBXShellScriptBuildPhase section */
		0F2B935C583A10DFD0FB4F5C /* [CP] Check Pods Manifest.lock */ = {
			isa = PBXShellScriptBuildPhase;
			buildActionMask = 2147483647;
			files = (
			);
			inputFileListPaths = (
			);
			inputPaths = (
				"${PODS_PODFILE_DIR_PATH}/Podfile.lock",
				"${PODS_ROOT}/Manifest.lock",
			);
			name = "[CP] Check Pods Manifest.lock";
			outputFileListPaths = (
			);
			outputPaths = (
				"$(DERIVED_FILE_DIR)/Pods-ToDoList-checkManifestLockResult.txt",
			);
			runOnlyForDeploymentPostprocessing = 0;
			shellPath = /bin/sh;
			shellScript = "diff \"${PODS_PODFILE_DIR_PATH}/Podfile.lock\" \"${PODS_ROOT}/Manifest.lock\" > /dev/null\nif [ $? != 0 ] ; then\n    # print error to STDERR\n    echo \"error: The sandbox is not in sync with the Podfile.lock. Run 'pod install' or update your CocoaPods installation.\" >&2\n    exit 1\nfi\n# This output is used by Xcode 'outputs' to avoid re-running this script phase.\necho \"SUCCESS\" > \"${SCRIPT_OUTPUT_FILE_0}\"\n";
			showEnvVarsInLog = 0;
		};
		71AC342DC6FA87940A56BE62 /* [CP] Embed Pods Frameworks */ = {
			isa = PBXShellScriptBuildPhase;
			buildActionMask = 2147483647;
			files = (
			);
			inputFileListPaths = (
				"${PODS_ROOT}/Target Support Files/Pods-ToDoList/Pods-ToDoList-frameworks-${CONFIGURATION}-input-files.xcfilelist",
			);
			name = "[CP] Embed Pods Frameworks";
			outputFileListPaths = (
				"${PODS_ROOT}/Target Support Files/Pods-ToDoList/Pods-ToDoList-frameworks-${CONFIGURATION}-output-files.xcfilelist",
			);
			runOnlyForDeploymentPostprocessing = 0;
			shellPath = /bin/sh;
			shellScript = "\"${PODS_ROOT}/Target Support Files/Pods-ToDoList/Pods-ToDoList-frameworks.sh\"\n";
			showEnvVarsInLog = 0;
		};
/* End PBXShellScriptBuildPhase section */

/* Begin PBXSourcesBuildPhase section */
		2428029A24B0BBDD006478BD /* Sources */ = {
			isa = PBXSourcesBuildPhase;
			buildActionMask = 2147483647;
			files = (
				24C86E3F24C0793F0030E5DF /* Item.swift in Sources */,
				242802E224B4EDEE006478BD /* CategoryViewController.swift in Sources */,
				242802A624B0BBDD006478BD /* ToDoListViewController.swift in Sources */,
				24D17E9A24D6F37A00051CA9 /* SwipeTableViewController.swift in Sources */,
				242802A224B0BBDD006478BD /* AppDelegate.swift in Sources */,
				242802A424B0BBDD006478BD /* SceneDelegate.swift in Sources */,
				24C86E4124C079470030E5DF /* Category.swift in Sources */,
			);
			runOnlyForDeploymentPostprocessing = 0;
		};
/* End PBXSourcesBuildPhase section */

/* Begin PBXVariantGroup section */
		242802A724B0BBDD006478BD /* Main.storyboard */ = {
			isa = PBXVariantGroup;
			children = (
				242802A824B0BBDD006478BD /* Base */,
			);
			name = Main.storyboard;
			sourceTree = "<group>";
		};
		242802AC24B0BBDE006478BD /* LaunchScreen.storyboard */ = {
			isa = PBXVariantGroup;
			children = (
				242802AD24B0BBDE006478BD /* Base */,
			);
			name = LaunchScreen.storyboard;
			sourceTree = "<group>";
		};
/* End PBXVariantGroup section */

/* Begin XCBuildConfiguration section */
		242802B024B0BBDE006478BD /* Debug */ = {
			isa = XCBuildConfiguration;
			buildSettings = {
				ALWAYS_SEARCH_USER_PATHS = NO;
				CLANG_ANALYZER_NONNULL = YES;
				CLANG_ANALYZER_NUMBER_OBJECT_CONVERSION = YES_AGGRESSIVE;
				CLANG_CXX_LANGUAGE_STANDARD = "gnu++14";
				CLANG_CXX_LIBRARY = "libc++";
				CLANG_ENABLE_MODULES = YES;
				CLANG_ENABLE_OBJC_ARC = YES;
				CLANG_ENABLE_OBJC_WEAK = YES;
				CLANG_WARN_BLOCK_CAPTURE_AUTORELEASING = YES;
				CLANG_WARN_BOOL_CONVERSION = YES;
				CLANG_WARN_COMMA = YES;
				CLANG_WARN_CONSTANT_CONVERSION = YES;
				CLANG_WARN_DEPRECATED_OBJC_IMPLEMENTATIONS = YES;
				CLANG_WARN_DIRECT_OBJC_ISA_USAGE = YES_ERROR;
				CLANG_WARN_DOCUMENTATION_COMMENTS = YES;
				CLANG_WARN_EMPTY_BODY = YES;
				CLANG_WARN_ENUM_CONVERSION = YES;
				CLANG_WARN_INFINITE_RECURSION = YES;
				CLANG_WARN_INT_CONVERSION = YES;
				CLANG_WARN_NON_LITERAL_NULL_CONVERSION = YES;
				CLANG_WARN_OBJC_IMPLICIT_RETAIN_SELF = YES;
				CLANG_WARN_OBJC_LITERAL_CONVERSION = YES;
				CLANG_WARN_OBJC_ROOT_CLASS = YES_ERROR;
				CLANG_WARN_QUOTED_INCLUDE_IN_FRAMEWORK_HEADER = YES;
				CLANG_WARN_RANGE_LOOP_ANALYSIS = YES;
				CLANG_WARN_STRICT_PROTOTYPES = YES;
				CLANG_WARN_SUSPICIOUS_MOVE = YES;
				CLANG_WARN_UNGUARDED_AVAILABILITY = YES_AGGRESSIVE;
				CLANG_WARN_UNREACHABLE_CODE = YES;
				CLANG_WARN__DUPLICATE_METHOD_MATCH = YES;
				COPY_PHASE_STRIP = NO;
				DEBUG_INFORMATION_FORMAT = dwarf;
				ENABLE_STRICT_OBJC_MSGSEND = YES;
				ENABLE_TESTABILITY = YES;
				GCC_C_LANGUAGE_STANDARD = gnu11;
				GCC_DYNAMIC_NO_PIC = NO;
				GCC_NO_COMMON_BLOCKS = YES;
				GCC_OPTIMIZATION_LEVEL = 0;
				GCC_PREPROCESSOR_DEFINITIONS = (
					"DEBUG=1",
					"$(inherited)",
				);
				GCC_WARN_64_TO_32_BIT_CONVERSION = YES;
				GCC_WARN_ABOUT_RETURN_TYPE = YES_ERROR;
				GCC_WARN_UNDECLARED_SELECTOR = YES;
				GCC_WARN_UNINITIALIZED_AUTOS = YES_AGGRESSIVE;
				GCC_WARN_UNUSED_FUNCTION = YES;
				GCC_WARN_UNUSED_VARIABLE = YES;
				IPHONEOS_DEPLOYMENT_TARGET = 13.5;
				MTL_ENABLE_DEBUG_INFO = INCLUDE_SOURCE;
				MTL_FAST_MATH = YES;
				ONLY_ACTIVE_ARCH = YES;
				SDKROOT = iphoneos;
				SWIFT_ACTIVE_COMPILATION_CONDITIONS = DEBUG;
				SWIFT_OPTIMIZATION_LEVEL = "-Onone";
			};
			name = Debug;
		};
		242802B124B0BBDE006478BD /* Release */ = {
			isa = XCBuildConfiguration;
			buildSettings = {
				ALWAYS_SEARCH_USER_PATHS = NO;
				CLANG_ANALYZER_NONNULL = YES;
				CLANG_ANALYZER_NUMBER_OBJECT_CONVERSION = YES_AGGRESSIVE;
				CLANG_CXX_LANGUAGE_STANDARD = "gnu++14";
				CLANG_CXX_LIBRARY = "libc++";
				CLANG_ENABLE_MODULES = YES;
				CLANG_ENABLE_OBJC_ARC = YES;
				CLANG_ENABLE_OBJC_WEAK = YES;
				CLANG_WARN_BLOCK_CAPTURE_AUTORELEASING = YES;
				CLANG_WARN_BOOL_CONVERSION = YES;
				CLANG_WARN_COMMA = YES;
				CLANG_WARN_CONSTANT_CONVERSION = YES;
				CLANG_WARN_DEPRECATED_OBJC_IMPLEMENTATIONS = YES;
				CLANG_WARN_DIRECT_OBJC_ISA_USAGE = YES_ERROR;
				CLANG_WARN_DOCUMENTATION_COMMENTS = YES;
				CLANG_WARN_EMPTY_BODY = YES;
				CLANG_WARN_ENUM_CONVERSION = YES;
				CLANG_WARN_INFINITE_RECURSION = YES;
				CLANG_WARN_INT_CONVERSION = YES;
				CLANG_WARN_NON_LITERAL_NULL_CONVERSION = YES;
				CLANG_WARN_OBJC_IMPLICIT_RETAIN_SELF = YES;
				CLANG_WARN_OBJC_LITERAL_CONVERSION = YES;
				CLANG_WARN_OBJC_ROOT_CLASS = YES_ERROR;
				CLANG_WARN_QUOTED_INCLUDE_IN_FRAMEWORK_HEADER = YES;
				CLANG_WARN_RANGE_LOOP_ANALYSIS = YES;
				CLANG_WARN_STRICT_PROTOTYPES = YES;
				CLANG_WARN_SUSPICIOUS_MOVE = YES;
				CLANG_WARN_UNGUARDED_AVAILABILITY = YES_AGGRESSIVE;
				CLANG_WARN_UNREACHABLE_CODE = YES;
				CLANG_WARN__DUPLICATE_METHOD_MATCH = YES;
				COPY_PHASE_STRIP = NO;
				DEBUG_INFORMATION_FORMAT = "dwarf-with-dsym";
				ENABLE_NS_ASSERTIONS = NO;
				ENABLE_STRICT_OBJC_MSGSEND = YES;
				GCC_C_LANGUAGE_STANDARD = gnu11;
				GCC_NO_COMMON_BLOCKS = YES;
				GCC_WARN_64_TO_32_BIT_CONVERSION = YES;
				GCC_WARN_ABOUT_RETURN_TYPE = YES_ERROR;
				GCC_WARN_UNDECLARED_SELECTOR = YES;
				GCC_WARN_UNINITIALIZED_AUTOS = YES_AGGRESSIVE;
				GCC_WARN_UNUSED_FUNCTION = YES;
				GCC_WARN_UNUSED_VARIABLE = YES;
				IPHONEOS_DEPLOYMENT_TARGET = 13.5;
				MTL_ENABLE_DEBUG_INFO = NO;
				MTL_FAST_MATH = YES;
				SDKROOT = iphoneos;
				SWIFT_COMPILATION_MODE = wholemodule;
				SWIFT_OPTIMIZATION_LEVEL = "-O";
				VALIDATE_PRODUCT = YES;
			};
			name = Release;
		};
		242802B324B0BBDE006478BD /* Debug */ = {
			isa = XCBuildConfiguration;
			baseConfigurationReference = CF6E35BDFC5BC2085CFDC33C /* Pods-ToDoList.debug.xcconfig */;
			buildSettings = {
				ASSETCATALOG_COMPILER_APPICON_NAME = AppIcon;
				CODE_SIGN_STYLE = Automatic;
				INFOPLIST_FILE = ToDoList/Info.plist;
				LD_RUNPATH_SEARCH_PATHS = (
					"$(inherited)",
					"@executable_path/Frameworks",
				);
				PRODUCT_BUNDLE_IDENTIFIER = com.mykytagumeniuk.ToDoList;
				PRODUCT_NAME = "$(TARGET_NAME)";
				SWIFT_VERSION = 5.0;
				TARGETED_DEVICE_FAMILY = "1,2";
			};
			name = Debug;
		};
		242802B424B0BBDE006478BD /* Release */ = {
			isa = XCBuildConfiguration;
			baseConfigurationReference = 324DBD8A38F93955D49639D8 /* Pods-ToDoList.release.xcconfig */;
			buildSettings = {
				ASSETCATALOG_COMPILER_APPICON_NAME = AppIcon;
				CODE_SIGN_STYLE = Automatic;
				INFOPLIST_FILE = ToDoList/Info.plist;
				LD_RUNPATH_SEARCH_PATHS = (
					"$(inherited)",
					"@executable_path/Frameworks",
				);
				PRODUCT_BUNDLE_IDENTIFIER = com.mykytagumeniuk.ToDoList;
				PRODUCT_NAME = "$(TARGET_NAME)";
				SWIFT_VERSION = 5.0;
				TARGETED_DEVICE_FAMILY = "1,2";
			};
			name = Release;
		};
/* End XCBuildConfiguration section */

/* Begin XCConfigurationList section */
		2428029924B0BBDD006478BD /* Build configuration list for PBXProject "ToDoList" */ = {
			isa = XCConfigurationList;
			buildConfigurations = (
				242802B024B0BBDE006478BD /* Debug */,
				242802B124B0BBDE006478BD /* Release */,
			);
			defaultConfigurationIsVisible = 0;
			defaultConfigurationName = Release;
		};
		242802B224B0BBDE006478BD /* Build configuration list for PBXNativeTarget "ToDoList" */ = {
			isa = XCConfigurationList;
			buildConfigurations = (
				242802B324B0BBDE006478BD /* Debug */,
				242802B424B0BBDE006478BD /* Release */,
			);
			defaultConfigurationIsVisible = 0;
			defaultConfigurationName = Release;
		};
/* End XCConfigurationList section */
	};
	rootObject = 2428029624B0BBDD006478BD /* Project object */;
}
